
Microsoft Visual Studio Solution File, Format Version 12.00
# Visual Studio Version 17
VisualStudioVersion = 17.11.35208.52
MinimumVisualStudioVersion = 10.0.40219.1
Project("{FAE04EC0-301F-11D3-BF4B-00C04F79EFBC}") = "EjercicioIntegrador", "EjercicioIntegrador\EjercicioIntegrador.csproj", "{685AA1E1-423E-41DD-AC13-582AD70545AD}"
EndProject
Project("{FAE04EC0-301F-11D3-BF4B-00C04F79EFBC}") = "ClaseP", "ClaseP\ClaseP.csproj", "{288A226C-33E4-43B4-AD02-B31976848FCD}"
EndProject
Project("{FAE04EC0-301F-11D3-BF4B-00C04F79EFBC}") = "Actividad8", "Actividad8\Actividad8.csproj", "{79D433AB-5195-4E3C-B9F4-C299FCCD8383}"
EndProject
Project("{2150E333-8FDC-42A3-9474-1A3956D46DE8}") = "Ficheros", "Ficheros", "{EA607388-7DE4-4A07-8E8F-7BE7D8047FB9}"
	ProjectSection(SolutionItems) = preProject
		clientes.csv = clientes.csv
	EndProjectSection
EndProject
Global
	GlobalSection(SolutionConfigurationPlatforms) = preSolution
		Debug|Any CPU = Debug|Any CPU
		Release|Any CPU = Release|Any CPU
	EndGlobalSection
	GlobalSection(ProjectConfigurationPlatforms) = postSolution
		{685AA1E1-423E-41DD-AC13-582AD70545AD}.Debug|Any CPU.ActiveCfg = Debug|Any CPU
		{685AA1E1-423E-41DD-AC13-582AD70545AD}.Debug|Any CPU.Build.0 = Debug|Any CPU
		{685AA1E1-423E-41DD-AC13-582AD70545AD}.Release|Any CPU.ActiveCfg = Release|Any CPU
		{685AA1E1-423E-41DD-AC13-582AD70545AD}.Release|Any CPU.Build.0 = Release|Any CPU
		{288A226C-33E4-43B4-AD02-B31976848FCD}.Debug|Any CPU.ActiveCfg = Debug|Any CPU
		{288A226C-33E4-43B4-AD02-B31976848FCD}.Debug|Any CPU.Build.0 = Debug|Any CPU
		{288A226C-33E4-43B4-AD02-B31976848FCD}.Release|Any CPU.ActiveCfg = Release|Any CPU
		{288A226C-33E4-43B4-AD02-B31976848FCD}.Release|Any CPU.Build.0 = Release|Any CPU
		{79D433AB-5195-4E3C-B9F4-C299FCCD8383}.Debug|Any CPU.ActiveCfg = Debug|Any CPU
		{79D433AB-5195-4E3C-B9F4-C299FCCD8383}.Debug|Any CPU.Build.0 = Debug|Any CPU
		{79D433AB-5195-4E3C-B9F4-C299FCCD8383}.Release|Any CPU.ActiveCfg = Release|Any CPU
		{79D433AB-5195-4E3C-B9F4-C299FCCD8383}.Release|Any CPU.Build.0 = Release|Any CPU
	EndGlobalSection
	GlobalSection(SolutionProperties) = preSolution
		HideSolutionNode = FALSE
	EndGlobalSection
	GlobalSection(ExtensibilityGlobals) = postSolution
		SolutionGuid = {4CD95A31-A577-4422-B7AB-7350071CA46C}
	EndGlobalSection
EndGlobal
